
Microsoft Visual Studio Solution File, Format Version 12.00
# Visual Studio Version 16
VisualStudioVersion = 16.0.28803.352
MinimumVisualStudioVersion = 10.0.40219.1
Project("{FAE04EC0-301F-11D3-BF4B-00C04F79EFBC}") = "DigDes Instagram", "DigDes Instagram\DigDes Instagram.csproj", "{96E089DB-59E6-480B-A9C1-26377F3AF992}"
EndProject
Project("{FAE04EC0-301F-11D3-BF4B-00C04F79EFBC}") = "Data", "Data\Data.csproj", "{266DAB23-C743-48BB-8245-FF5D278B0B48}"
EndProject
Global
	GlobalSection(SolutionConfigurationPlatforms) = preSolution
		Debug|Any CPU = Debug|Any CPU
		Release|Any CPU = Release|Any CPU
	EndGlobalSection
	GlobalSection(ProjectConfigurationPlatforms) = postSolution
		{96E089DB-59E6-480B-A9C1-26377F3AF992}.Debug|Any CPU.ActiveCfg = Debug|Any CPU
		{96E089DB-59E6-480B-A9C1-26377F3AF992}.Debug|Any CPU.Build.0 = Debug|Any CPU
		{96E089DB-59E6-480B-A9C1-26377F3AF992}.Release|Any CPU.ActiveCfg = Release|Any CPU
		{96E089DB-59E6-480B-A9C1-26377F3AF992}.Release|Any CPU.Build.0 = Release|Any CPU
		{266DAB23-C743-48BB-8245-FF5D278B0B48}.Debug|Any CPU.ActiveCfg = Debug|Any CPU
		{266DAB23-C743-48BB-8245-FF5D278B0B48}.Debug|Any CPU.Build.0 = Debug|Any CPU
		{266DAB23-C743-48BB-8245-FF5D278B0B48}.Release|Any CPU.ActiveCfg = Release|Any CPU
		{266DAB23-C743-48BB-8245-FF5D278B0B48}.Release|Any CPU.Build.0 = Release|Any CPU
	EndGlobalSection
	GlobalSection(SolutionProperties) = preSolution
		HideSolutionNode = FALSE
	EndGlobalSection
	GlobalSection(ExtensibilityGlobals) = postSolution
		SolutionGuid = {0BF235C6-7195-4CC0-8417-E20D4C41BC82}
	EndGlobalSection
EndGlobal
